// !$*UTF8*$!
{
	archiveVersion = 1;
	classes = {
	};
	objectVersion = 46;
	objects = {

/* Begin PBXBuildFile section */
		42D3E75D1E34AD0000E2F8B9 /* AppDelegate.swift in Sources */ = {isa = PBXBuildFile; fileRef = 42D3E75C1E34AD0000E2F8B9 /* AppDelegate.swift */; };
		42D3E75F1E34AD0000E2F8B9 /* ViewController.swift in Sources */ = {isa = PBXBuildFile; fileRef = 42D3E75E1E34AD0000E2F8B9 /* ViewController.swift */; };
		42D3E7621E34AD0000E2F8B9 /* Main.storyboard in Resources */ = {isa = PBXBuildFile; fileRef = 42D3E7601E34AD0000E2F8B9 /* Main.storyboard */; };
		42D3E7641E34AD0000E2F8B9 /* Assets.xcassets in Resources */ = {isa = PBXBuildFile; fileRef = 42D3E7631E34AD0000E2F8B9 /* Assets.xcassets */; };
		42D3E7671E34AD0000E2F8B9 /* LaunchScreen.storyboard in Resources */ = {isa = PBXBuildFile; fileRef = 42D3E7651E34AD0000E2F8B9 /* LaunchScreen.storyboard */; };
/* End PBXBuildFile section */

/* Begin PBXFileReference section */
		42D3E7591E34AD0000E2F8B9 /* Timer.app */ = {isa = PBXFileReference; explicitFileType = wrapper.application; includeInIndex = 0; path = Timer.app; sourceTree = BUILT_PRODUCTS_DIR; };
		42D3E75C1E34AD0000E2F8B9 /* AppDelegate.swift */ = {isa = PBXFileReference; lastKnownFileType = sourcecode.swift; path = AppDelegate.swift; sourceTree = "<group>"; };
		42D3E75E1E34AD0000E2F8B9 /* ViewController.swift */ = {isa = PBXFileReference; lastKnownFileType = sourcecode.swift; path = ViewController.swift; sourceTree = "<group>"; };
		42D3E7611E34AD0000E2F8B9 /* Base */ = {isa = PBXFileReference; lastKnownFileType = file.storyboard; name = Base; path = Base.lproj/Main.storyboard; sourceTree = "<group>"; };
		42D3E7631E34AD0000E2F8B9 /* Assets.xcassets */ = {isa = PBXFileReference; lastKnownFileType = folder.assetcatalog; path = Assets.xcassets; sourceTree = "<group>"; };
		42D3E7661E34AD0000E2F8B9 /* Base */ = {isa = PBXFileReference; lastKnownFileType = file.storyboard; name = Base; path = Base.lproj/LaunchScreen.storyboard; sourceTree = "<group>"; };
		42D3E7681E34AD0000E2F8B9 /* Info.plist */ = {isa = PBXFileReference; lastKnownFileType = text.plist.xml; path = Info.plist; sourceTree = "<group>"; };
/* End PBXFileReference section */

/* Begin PBXFrameworksBuildPhase section */
		42D3E7561E34AD0000E2F8B9 /* Frameworks */ = {
			isa = PBXFrameworksBuildPhase;
			buildActionMask = 2147483647;
			files = (
			);
			runOnlyForDeploymentPostprocessing = 0;
		};
/* End PBXFrameworksBuildPhase section */

/* Begin PBXGroup section */
		42D3E7501E34AD0000E2F8B9 = {
			isa = PBXGroup;
			children = (
				42D3E75B1E34AD0000E2F8B9 /* Timer */,
				42D3E75A1E34AD0000E2F8B9 /* Products */,
			);
			sourceTree = "<group>";
		};
		42D3E75A1E34AD0000E2F8B9 /* Products */ = {
			isa = PBXGroup;
			children = (
				42D3E7591E34AD0000E2F8B9 /* Timer.app */,
			);
			name = Products;
			sourceTree = "<group>";
		};
		42D3E75B1E34AD0000E2F8B9 /* Timer */ = {
			isa = PBXGroup;
			children = (
				42D3E75C1E34AD0000E2F8B9 /* AppDelegate.swift */,
				42D3E75E1E34AD0000E2F8B9 /* ViewController.swift */,
				42D3E7601E34AD0000E2F8B9 /* Main.storyboard */,
				42D3E7631E34AD0000E2F8B9 /* Assets.xcassets */,
				42D3E7651E34AD0000E2F8B9 /* LaunchScreen.storyboard */,
				42D3E7681E34AD0000E2F8B9 /* Info.plist */,
			);
			path = Timer;
			sourceTree = "<group>";
		};
/* End PBXGroup section */

/* Begin PBXNativeTarget section */
		42D3E7581E34AD0000E2F8B9 /* Timer */ = {
			isa = PBXNativeTarget;
			buildConfigurationList = 42D3E76B1E34AD0000E2F8B9 /* Build configuration list for PBXNativeTarget "Timer" */;
			buildPhases = (
				42D3E7551E34AD0000E2F8B9 /* Sources */,
				42D3E7561E34AD0000E2F8B9 /* Frameworks */,
				42D3E7571E34AD0000E2F8B9 /* Resources */,
			);
			buildRules = (
			);
			dependencies = (
			);
			name = Timer;
			productName = Timer;
			productReference = 42D3E7591E34AD0000E2F8B9 /* Timer.app */;
			productType = "com.apple.product-type.application";
		};
/* End PBXNativeTarget section */

/* Begin PBXProject section */
		42D3E7511E34AD0000E2F8B9 /* Project object */ = {
			isa = PBXProject;
			attributes = {
				LastSwiftUpdateCheck = 0800;
				LastUpgradeCheck = 0800;
				ORGANIZATIONNAME = daichi.itoh;
				TargetAttributes = {
					42D3E7581E34AD0000E2F8B9 = {
						CreatedOnToolsVersion = 8.0;
						DevelopmentTeam = V79DCJFQ7R;
						ProvisioningStyle = Automatic;
					};
				};
			};
			buildConfigurationList = 42D3E7541E34AD0000E2F8B9 /* Build configuration list for PBXProject "Timer" */;
			compatibilityVersion = "Xcode 3.2";
			developmentRegion = English;
			hasScannedForEncodings = 0;
			knownRegions = (
				en,
				Base,
			);
			mainGroup = 42D3E7501E34AD0000E2F8B9;
			productRefGroup = 42D3E75A1E34AD0000E2F8B9 /* Products */;
			projectDirPath = "";
			projectRoot = "";
			targets = (
				42D3E7581E34AD0000E2F8B9 /* Timer */,
			);
		};
/* End PBXProject section */

/* Begin PBXResourcesBuildPhase section */
		42D3E7571E34AD0000E2F8B9 /* Resources */ = {
			isa = PBXResourcesBuildPhase;
			buildActionMask = 2147483647;
			files = (
				42D3E7671E34AD0000E2F8B9 /* LaunchScreen.storyboard in Resources */,
				42D3E7641E34AD0000E2F8B9 /* Assets.xcassets in Resources */,
				42D3E7621E34AD0000E2F8B9 /* Main.storyboard in Resources */,
			);
			runOnlyForDeploymentPostprocessing = 0;
		};
/* End PBXResourcesBuildPhase section */

/* Begin PBXSourcesBuildPhase section */
		42D3E7551E34AD0000E2F8B9 /* Sources */ = {
			isa = PBXSourcesBuildPhase;
			buildActionMask = 2147483647;
			files = (
				42D3E75F1E34AD0000E2F8B9 /* ViewController.swift in Sources */,
				42D3E75D1E34AD0000E2F8B9 /* AppDelegate.swift in Sources */,
			);
			runOnlyForDeploymentPostprocessing = 0;
		};
/* End PBXSourcesBuildPhase section */

/* Begin PBXVariantGroup section */
		42D3E7601E34AD0000E2F8B9 /* Main.storyboard */ = {
			isa = PBXVariantGroup;
			children = (
				42D3E7611E34AD0000E2F8B9 /* Base */,
			);
			name = Main.storyboard;
			sourceTree = "<group>";
		};
		42D3E7651E34AD0000E2F8B9 /* LaunchScreen.storyboard */ = {
			isa = PBXVariantGroup;
			children = (
				42D3E7661E34AD0000E2F8B9 /* Base */,
			);
			name = LaunchScreen.storyboard;
			sourceTree = "<group>";
		};
/* End PBXVariantGroup section */

/* Begin XCBuildConfiguration section */
		42D3E7691E34AD0000E2F8B9 /* Debug */ = {
			isa = XCBuildConfiguration;
			buildSettings = {
				ALWAYS_SEARCH_USER_PATHS = NO;
				CLANG_ANALYZER_NONNULL = YES;
				CLANG_CXX_LANGUAGE_STANDARD = "gnu++0x";
				CLANG_CXX_LIBRARY = "libc++";
				CLANG_ENABLE_MODULES = YES;
				CLANG_ENABLE_OBJC_ARC = YES;
				CLANG_WARN_BOOL_CONVERSION = YES;
				CLANG_WARN_CONSTANT_CONVERSION = YES;
				CLANG_WARN_DIRECT_OBJC_ISA_USAGE = YES_ERROR;
				CLANG_WARN_DOCUMENTATION_COMMENTS = YES;
				CLANG_WARN_EMPTY_BODY = YES;
				CLANG_WARN_ENUM_CONVERSION = YES;
				CLANG_WARN_INFINITE_RECURSION = YES;
				CLANG_WARN_INT_CONVERSION = YES;
				CLANG_WARN_OBJC_ROOT_CLASS = YES_ERROR;
				CLANG_WARN_SUSPICIOUS_MOVES = YES;
				CLANG_WARN_UNREACHABLE_CODE = YES;
				CLANG_WARN__DUPLICATE_METHOD_MATCH = YES;
				"CODE_SIGN_IDENTITY[sdk=iphoneos*]" = "iPhone Developer";
				COPY_PHASE_STRIP = NO;
				DEBUG_INFORMATION_FORMAT = dwarf;
				ENABLE_STRICT_OBJC_MSGSEND = YES;
				ENABLE_TESTABILITY = YES;
				GCC_C_LANGUAGE_STANDARD = gnu99;
				GCC_DYNAMIC_NO_PIC = NO;
				GCC_NO_COMMON_BLOCKS = YES;
				GCC_OPTIMIZATION_LEVEL = 0;
				GCC_PREPROCESSOR_DEFINITIONS = (
					"DEBUG=1",
					"$(inherited)",
				);
				GCC_WARN_64_TO_32_BIT_CONVERSION = YES;
				GCC_WARN_ABOUT_RETURN_TYPE = YES_ERROR;
				GCC_WARN_UNDECLARED_SELECTOR = YES;
				GCC_WARN_UNINITIALIZED_AUTOS = YES_AGGRESSIVE;
				GCC_WARN_UNUSED_FUNCTION = YES;
				GCC_WARN_UNUSED_VARIABLE = YES;
				IPHONEOS_DEPLOYMENT_TARGET = 10.0;
				MTL_ENABLE_DEBUG_INFO = YES;
				ONLY_ACTIVE_ARCH = YES;
				SDKROOT = iphoneos;
				SWIFT_ACTIVE_COMPILATION_CONDITIONS = DEBUG;
				SWIFT_OPTIMIZATION_LEVEL = "-Onone";
			};
			name = Debug;
		};
		42D3E76A1E34AD0000E2F8B9 /* Release */ = {
			isa = XCBuildConfiguration;
			buildSettings = {
				ALWAYS_SEARCH_USER_PATHS = NO;
				CLANG_ANALYZER_NONNULL = YES;
				CLANG_CXX_LANGUAGE_STANDARD = "gnu++0x";
				CLANG_CXX_LIBRARY = "libc++";
				CLANG_ENABLE_MODULES = YES;
				CLANG_ENABLE_OBJC_ARC = YES;
				CLANG_WARN_BOOL_CONVERSION = YES;
				CLANG_WARN_CONSTANT_CONVERSION = YES;
				CLANG_WARN_DIRECT_OBJC_ISA_USAGE = YES_ERROR;
				CLANG_WARN_DOCUMENTATION_COMMENTS = YES;
				CLANG_WARN_EMPTY_BODY = YES;
				CLANG_WARN_ENUM_CONVERSION = YES;
				CLANG_WARN_INFINITE_RECURSION = YES;
				CLANG_WARN_INT_CONVERSION = YES;
				CLANG_WARN_OBJC_ROOT_CLASS = YES_ERROR;
				CLANG_WARN_SUSPICIOUS_MOVES = YES;
				CLANG_WARN_UNREACHABLE_CODE = YES;
				CLANG_WARN__DUPLICATE_METHOD_MATCH = YES;
				"CODE_SIGN_IDENTITY[sdk=iphoneos*]" = "iPhone Developer";
				COPY_PHASE_STRIP = NO;
				DEBUG_INFORMATION_FORMAT = "dwarf-with-dsym";
				ENABLE_NS_ASSERTIONS = NO;
				ENABLE_STRICT_OBJC_MSGSEND = YES;
				GCC_C_LANGUAGE_STANDARD = gnu99;
				GCC_NO_COMMON_BLOCKS = YES;
				GCC_WARN_64_TO_32_BIT_CONVERSION = YES;
				GCC_WARN_ABOUT_RETURN_TYPE = YES_ERROR;
				GCC_WARN_UNDECLARED_SELECTOR = YES;
				GCC_WARN_UNINITIALIZED_AUTOS = YES_AGGRESSIVE;
				GCC_WARN_UNUSED_FUNCTION = YES;
				GCC_WARN_UNUSED_VARIABLE = YES;
				IPHONEOS_DEPLOYMENT_TARGET = 10.0;
				MTL_ENABLE_DEBUG_INFO = NO;
				SDKROOT = iphoneos;
				SWIFT_OPTIMIZATION_LEVEL = "-Owholemodule";
				VALIDATE_PRODUCT = YES;
			};
			name = Release;
		};
		42D3E76C1E34AD0000E2F8B9 /* Debug */ = {
			isa = XCBuildConfiguration;
			buildSettings = {
				ASSETCATALOG_COMPILER_APPICON_NAME = AppIcon;
				DEVELOPMENT_TEAM = V79DCJFQ7R;
				INFOPLIST_FILE = Timer/Info.plist;
				LD_RUNPATH_SEARCH_PATHS = "$(inherited) @executable_path/Frameworks";
				PRODUCT_BUNDLE_IDENTIFIER = jp.techacademy.daichi.ito.Timer;
				PRODUCT_NAME = "$(TARGET_NAME)";
				SWIFT_VERSION = 3.0;
			};
			name = Debug;
		};
		42D3E76D1E34AD0000E2F8B9 /* Release */ = {
			isa = XCBuildConfiguration;
			buildSettings = {
				ASSETCATALOG_COMPILER_APPICON_NAME = AppIcon;
				DEVELOPMENT_TEAM = V79DCJFQ7R;
				INFOPLIST_FILE = Timer/Info.plist;
				LD_RUNPATH_SEARCH_PATHS = "$(inherited) @executable_path/Frameworks";
				PRODUCT_BUNDLE_IDENTIFIER = jp.techacademy.daichi.ito.Timer;
				PRODUCT_NAME = "$(TARGET_NAME)";
				SWIFT_VERSION = 3.0;
			};
			name = Release;
		};
/* End XCBuildConfiguration section */

/* Begin XCConfigurationList section */
		42D3E7541E34AD0000E2F8B9 /* Build configuration list for PBXProject "Timer" */ = {
			isa = XCConfigurationList;
			buildConfigurations = (
				42D3E7691E34AD0000E2F8B9 /* Debug */,
				42D3E76A1E34AD0000E2F8B9 /* Release */,
			);
			defaultConfigurationIsVisible = 0;
			defaultConfigurationName = Release;
		};
		42D3E76B1E34AD0000E2F8B9 /* Build configuration list for PBXNativeTarget "Timer" */ = {
			isa = XCConfigurationList;
			buildConfigurations = (
				42D3E76C1E34AD0000E2F8B9 /* Debug */,
				42D3E76D1E34AD0000E2F8B9 /* Release */,
			);
			defaultConfigurationIsVisible = 0;
		};
/* End XCConfigurationList section */
	};
	rootObject = 42D3E7511E34AD0000E2F8B9 /* Project object */;
}
